lockfileVersion: '9.0'

settings:
  autoInstallPeers: true
  excludeLinksFromLockfile: false

importers:

  .:
    dependencies:
      firebase:
        specifier: dataconnect-preview
        version: 10.12.0-dataconnect-preview.388b61c7e

packages:

  '@fastify/busboy@2.1.1':
    resolution: {integrity: sha512-vBZP4NlzfOlerQTnba4aqZoMhE/a9HY7HRqoOPaETQcSQuWEIyZMHGfVu6w9wGtGK5fED5qRs2DteVCjOH60sA==}
    engines: {node: '>=14'}

  '@firebase/analytics-compat@0.2.9-dataconnect-preview.388b61c7e':
    resolution: {integrity: sha512-OlLd+nVMNFQuY7LRq5bLnYG2dlZ3/Ma17U14klxE7WGRU5q1dtx/+Tjw53CK2zAciPB31E+xtpHp2vb1O2UIfw==}
    peerDependencies:
      '@firebase/app-compat': 0.2.33-dataconnect-preview.388b61c7e

  '@firebase/analytics-types@0.8.2-dataconnect-preview.388b61c7e':
    resolution: {integrity: sha512-JZ1t1yVI57lWpscEA8vd9uZUa82wOlMsjxysvosCH69wbtY7wAu7lM2puB3RytdjVx3aYYiQURkCOFbsQGE9Ow==}

  '@firebase/analytics@0.10.3-dataconnect-preview.388b61c7e':
    resolution: {integrity: sha512-Zk2hYq6vaEX+cmfrBsybz1yXh9ebmNBLxWLW1YF8PUZtlVTAUQDdcbnEYEdCF+UcMpQjdEGS+sGej6ItGy69NQ==}
    peerDependencies:
      '@firebase/app': 0.10.3-dataconnect-preview.388b61c7e

  '@firebase/app-check-compat@0.3.11-dataconnect-preview.388b61c7e':
    resolution: {integrity: sha512-PdMU60HYFriKMPlof17tvrLoXYMWkdPq4oj6PuuOlEZ4wJh/+3Se7RFhtoGb+54gt2PdVvV+yCUV1rHlg7Snbw==}
    peerDependencies:
      '@firebase/app-compat': 0.2.33-dataconnect-preview.388b61c7e

  '@firebase/app-check-interop-types@0.3.2-dataconnect-preview.388b61c7e':
    resolution: {integrity: sha512-UOefiHjjBpetkD9WMC3dIXISyJxgOQtx5jQ5TPKOZCJvYUpGSA04qIIIFkvxd/eIIMtx9hiPtucyQJtNkbs5TA==}

  '@firebase/app-check-types@0.5.2-dataconnect-preview.388b61c7e':
    resolution: {integrity: sha512-/XSOutZYx6DrmIrNP3sFiFcdOqu9Z+3LcR4aI5jrDwR/fh73eph/bBMi9rmw17vkg/BFdUbfOyC0p1mfR1EaXA==}

  '@firebase/app-check@0.8.4-dataconnect-preview.388b61c7e':
    resolution: {integrity: sha512-pdQrKwfsViQiZCWGEoFor9YSL9dAI6nxbaZSSp4FCy9GI/iGwzSM5EFTA76pPJTU8FmhrdGG+RmQLc46CPHiIw==}
    peerDependencies:
      '@firebase/app': 0.10.3-dataconnect-preview.388b61c7e

  '@firebase/app-compat@0.2.33-dataconnect-preview.388b61c7e':
    resolution: {integrity: sha512-vjRVOKJWOCssAF6p/uKJhDv+iHDElNVAUk7MUHEl03y73NpoClS+F7t8k0FZ1xi1tauyiX9z2oeliBoeUv65kA==}

  '@firebase/app-types@0.9.2-dataconnect-preview.388b61c7e':
    resolution: {integrity: sha512-NlvumIXiw89crl4qb0mHt1fTU6AEvzCUZyLnrw/DElp0UNQXPDBhxnwxqFvk9/7QK5aROuznSPAA4D7N2juFPQ==}

  '@firebase/app@0.10.3-dataconnect-preview.388b61c7e':
    resolution: {integrity: sha512-tm0Ll26kc40pVegaJKzS0x4lkkudylQH9u9E3B3UkDFqPPTlUaSoI54YQENb6JKSCqbNQCAb2Zw2PxMjvPgABw==}

  '@firebase/auth-compat@0.5.8-dataconnect-preview.388b61c7e':
    resolution: {integrity: sha512-7RgwekPUnFKAmiOlFZThc3xZcruIdR2Qy4p7Yu5znDW1xSk74Re5ijV521i3ArX+m4Sz9othHgiCZmgRV8eY+Q==}
    peerDependencies:
      '@firebase/app-compat': 0.2.33-dataconnect-preview.388b61c7e

  '@firebase/auth-interop-types@0.2.3-dataconnect-preview.388b61c7e':
    resolution: {integrity: sha512-Vao5kFj48qi7K76LEZLwCimtfppdTfCHw54EfLvxOZNCgYpScx1x9oq91xn2vWqNTCP1eGWeMYPACqgLPlM57Q==}

  '@firebase/auth-types@0.12.2-dataconnect-preview.388b61c7e':
    resolution: {integrity: sha512-ONN/dDQpnKUvdKiT1aT2AofnLyEyxMHDzAHSL/eJefDlWfNL/UicJXKtHCqFDLC0k9U9apQZdqzoepI+Wicrjw==}
    peerDependencies:
      '@firebase/app-types': 0.9.2-dataconnect-preview.388b61c7e
      '@firebase/util': 1.9.6-dataconnect-preview.388b61c7e

  '@firebase/auth@1.7.3-dataconnect-preview.388b61c7e':
    resolution: {integrity: sha512-5EkGSQKk8jOml0SS3aZibeTweCrnc2mB5HyHbqOg98zHW9jMKfy9fZ2zL4qG7QOCVRT3SF0pBiDF2L6UETJnoA==}
    peerDependencies:
      '@firebase/app': 0.10.3-dataconnect-preview.388b61c7e
      '@react-native-async-storage/async-storage': ^1.18.1
    peerDependenciesMeta:
      '@react-native-async-storage/async-storage':
        optional: true

  '@firebase/component@0.6.7-dataconnect-preview.388b61c7e':
    resolution: {integrity: sha512-2AXGmpE1D+4lR9akCw1TE5bwhlNirS26toZDQVlvYGbFypt5SnZzgKus9JLHKyaMMYIcoPrReqFF247DYwaJAg==}

  '@firebase/data-connect@0.0.2-dataconnect-preview.388b61c7e':
    resolution: {integrity: sha512-pPQElS3ceqxmekGWZOtzrEcuwbZTPV0JvPQPc7yHPWkAqAC6qftd6t3TYEy3GsDvYCaBmKC1KSM/YPPrQvj/Gg==}

  '@firebase/database-compat@1.0.5-dataconnect-preview.388b61c7e':
    resolution: {integrity: sha512-6x4YBdlEcbRjc3VMG6RqmLfYW/wBW21wqaKuec1TKDuQjT7czFeyXtxPCX64qbSDC4yc1v9+ru4m3NnQ8kVTrw==}

  '@firebase/database-types@1.0.3-dataconnect-preview.388b61c7e':
    resolution: {integrity: sha512-JrYV6qJa77fu94LJbw4oOE22a3qVJ9Zl8mPNHxG1/yXcqDAj4STnDiccEvnGEKTspgVfksPnqD7IkaroN4bzLg==}

  '@firebase/database@1.0.5-dataconnect-preview.388b61c7e':
    resolution: {integrity: sha512-nQXgc47g3bbB1/KYcrlfwoRzPsdSFiwenQPBRrhi9WAL/VUyNgwCtA2tWqfythvKrfAwoVEzm55aQ0uV/PxrGw==}

  '@firebase/firestore-compat@0.3.31-dataconnect-preview.388b61c7e':
    resolution: {integrity: sha512-Et2OO+JevBmkkfKWVm4uZnHT7OgjfT1EBK31yFbHd8/y8NoD6M6XveM16IoBTGYnhqHVVjJQ3WFI1FfyQKVIgg==}
    peerDependencies:
      '@firebase/app-compat': 0.2.33-dataconnect-preview.388b61c7e

  '@firebase/firestore-types@3.0.2-dataconnect-preview.388b61c7e':
    resolution: {integrity: sha512-z+x9vINP8Jcu0ePpWZgj5S2H4glsOsD914P9OaNRUAovacdrr1rmo5tHdNdrbQ2cIma9TPCTfDeXTDm/UhOiAw==}
    peerDependencies:
      '@firebase/app-types': 0.9.2-dataconnect-preview.388b61c7e
      '@firebase/util': 1.9.6-dataconnect-preview.388b61c7e

  '@firebase/firestore@4.6.2-dataconnect-preview.388b61c7e':
    resolution: {integrity: sha512-s0ZFLG+XaZUHYeIEBp1SnqyMz33lwOL17QDDlleFnMhRswgqyWwiMZD55juVaVrn3bTnGPpKSZB1t7RurtzgfA==}
    engines: {node: '>=10.10.0'}
    peerDependencies:
      '@firebase/app': 0.10.3-dataconnect-preview.388b61c7e

  '@firebase/functions-compat@0.3.11-dataconnect-preview.388b61c7e':
    resolution: {integrity: sha512-Puty2X6HwdCwTL+jD8EzHLRUoYfcUtkVIwghLrz1ewwe9kYnwYvhbeAGibsXFYhuaxaYOD5OqDFS2lsK3gfFKg==}
    peerDependencies:
      '@firebase/app-compat': 0.2.33-dataconnect-preview.388b61c7e

  '@firebase/functions-types@0.6.2-dataconnect-preview.388b61c7e':
    resolution: {integrity: sha512-poR5xISP3LGau7KvPWVseT97I8XG+y0nkrtkgzzgBytpbe94jLdagFrzG03Nm2YInj841arE1Jdprz24FJ67bQ==}

  '@firebase/functions@0.11.5-dataconnect-preview.388b61c7e':
    resolution: {integrity: sha512-8MsDg9At4oO7AJqtx9iyIuJpTDEmZOTavOMw1bCQQ/wrsITDs0oCaOQmdiGRgbAQ9xJgdbZFqlKJfYRFE8lA2w==}
    peerDependencies:
      '@firebase/app': 0.10.3-dataconnect-preview.388b61c7e

  '@firebase/installations-compat@0.2.7-dataconnect-preview.388b61c7e':
    resolution: {integrity: sha512-HYwIO1BiSW7yfUxvXWWXIcv3lFPqMa/bPH9aO/0bUfeCVfa5Ww1cIs8QjWQYKNqW96zBxr3RnpiWI12jxSUJyw==}
    peerDependencies:
      '@firebase/app-compat': 0.2.33-dataconnect-preview.388b61c7e

  '@firebase/installations-types@0.5.2-dataconnect-preview.388b61c7e':
    resolution: {integrity: sha512-JkYzoUi28NbOlw7KzjoUhJueYbD4od+TAw5kiyFoK0DAG7FUkX0uca3MOrWuhNsvM4XKVW/Np4rvA1AKrmzR/g==}
    peerDependencies:
      '@firebase/app-types': 0.9.2-dataconnect-preview.388b61c7e

  '@firebase/installations@0.6.7-dataconnect-preview.388b61c7e':
    resolution: {integrity: sha512-vlYBEvQeQjF2Z+hceZJQsvGyjHlEsU7Ibvzyjr2wVvvdxV3nkjPtyr0Ccy5EeegFNoxaKLFyFkol5tP4WfN9mw==}
    peerDependencies:
      '@firebase/app': 0.10.3-dataconnect-preview.388b61c7e

  '@firebase/logger@0.4.2-dataconnect-preview.388b61c7e':
    resolution: {integrity: sha512-nvZLqLFCbXW6r1kzXTeTGmzMCx+1tzq0sL4niwYaws3V/Xl6mDkNcEGMoOX6OuwTq8NlP1sjE9ER4qnbV3Olqw==}

  '@firebase/messaging-compat@0.2.9-dataconnect-preview.388b61c7e':
    resolution: {integrity: sha512-taSKYJ3b/8DByQGDYx3NbtgLmo06wKFRM7d8bT1o3N4A0Cd5Y51DKU2uR/Xf/QMNECKsH7Jv18d1VrU3aOOOng==}
    peerDependencies:
      '@firebase/app-compat': 0.2.33-dataconnect-preview.388b61c7e

  '@firebase/messaging-interop-types@0.2.2-dataconnect-preview.388b61c7e':
    resolution: {integrity: sha512-NKCrCBovd63kK40vTSfMrThtyzTCfQjj82+4MaX8OMn/gFGm4RCU8UqO4PnxbR/viYAlxXitbeFR/aKeixdDBA==}

  '@firebase/messaging@0.12.9-dataconnect-preview.388b61c7e':
    resolution: {integrity: sha512-E5dKGhwtwPIeglDUAhJMLTQicV2tQnuU3t7r/Oc51WI05HgzM7WVu78DqPjCIp7GGDHy5R2qU4BiCzYaMSAJRg==}
    peerDependencies:
      '@firebase/app': 0.10.3-dataconnect-preview.388b61c7e

  '@firebase/performance-compat@0.2.7-dataconnect-preview.388b61c7e':
    resolution: {integrity: sha512-6h+T3S0EBSWy+69OUTGeCDqFpOzla1hID5HlKtC5eTNhbWygHuC/s0zrLXInwR6o5xMayxhvf0HNIRoUy6FZkA==}
    peerDependencies:
      '@firebase/app-compat': 0.2.33-dataconnect-preview.388b61c7e

  '@firebase/performance-types@0.2.2-dataconnect-preview.388b61c7e':
    resolution: {integrity: sha512-/rWGG41TwiYkaI3E6pD5vb4uWKoPxuyP259QCHnt2lB4s/gPAtU8VRVoEgx1do4CB+8AvrV5Aec6KL2C2YQlYg==}

  '@firebase/performance@0.6.7-dataconnect-preview.388b61c7e':
    resolution: {integrity: sha512-AltYdWIO0Rlz0Nu10IyzlCi2XPztP4kDArsYcPX25fv6DOGSAI7fnLN+9dejDSbrhxttL4FCK9/WqywDdEretg==}
    peerDependencies:
      '@firebase/app': 0.10.3-dataconnect-preview.388b61c7e

  '@firebase/remote-config-compat@0.2.7-dataconnect-preview.388b61c7e':
    resolution: {integrity: sha512-Q0dKJyidqdERRlyuomQAhrw0KNu6lNSM/jc29HDjlQJhCFdin3XrcDSYYxBgpkWNKD2nQ/4XNMslkGP7fzu5+Q==}
    peerDependencies:
      '@firebase/app-compat': 0.2.33-dataconnect-preview.388b61c7e

  '@firebase/remote-config-types@0.3.2-dataconnect-preview.388b61c7e':
    resolution: {integrity: sha512-B8twcsCV1auMHoVg5ICSzCrc8RUz4WVPOaQBiR/veeS0+PmBRiTHoyZzZh33vED1FHPzz3Cf7uwMfhk0gNhuYw==}

  '@firebase/remote-config@0.4.7-dataconnect-preview.388b61c7e':
    resolution: {integrity: sha512-PLHu0C/qTf0C2Z2ss65Mt0AkPY5MfwWzV2fHHhsj5AEJHpJsSS9elKAk/6J2W0plJnmlJkcvihsMkMTVl8vzzQ==}
    peerDependencies:
      '@firebase/app': 0.10.3-dataconnect-preview.388b61c7e

  '@firebase/storage-compat@0.3.8-dataconnect-preview.388b61c7e':
    resolution: {integrity: sha512-sQF/Hd/0oWsR3fimD6LXXtvwcwc8dpc6SQfmfR46ISCGKeAml2Wla1w1rWA8TyHce5eYRQAgczxk6f9JdBwcNQ==}
    peerDependencies:
      '@firebase/app-compat': 0.2.33-dataconnect-preview.388b61c7e

  '@firebase/storage-types@0.8.2-dataconnect-preview.388b61c7e':
    resolution: {integrity: sha512-w5Tjd4rBFV6ZZ/fXacl+h9/CKaCWVlTJae96Z0+pcB6BtTQY+B8E1I62O+4UCzs4yauF8PpuWLxkULBO9Zjtkg==}
    peerDependencies:
      '@firebase/app-types': 0.9.2-dataconnect-preview.388b61c7e
      '@firebase/util': 1.9.6-dataconnect-preview.388b61c7e

  '@firebase/storage@0.12.5-dataconnect-preview.388b61c7e':
    resolution: {integrity: sha512-YFDMpLf1piDU28/d8DAWRfCU62UTas9IDsvTnzfc/P3MNJJSnHcUrECe97O09EatfbZW3z5Wh0iM7uZTO0ts3Q==}
    peerDependencies:
      '@firebase/app': 0.10.3-dataconnect-preview.388b61c7e

  '@firebase/util@1.9.6-dataconnect-preview.388b61c7e':
    resolution: {integrity: sha512-oBd5uhs6sixiauvFo4RJ5+X4diK6AdrEBdOPYdeoV4HhF6aV4tuxcfJrb1O+d+9I2xMjpA5b+ySIxJ32Dknk2w==}

  '@firebase/vertexai-preview@0.0.1-dataconnect-preview.388b61c7e':
    resolution: {integrity: sha512-qy0MVJztKV9Fr7BXjOHwyxa/51D4vpj5h2nsEUUjYA+wQQqz2HTejnHNjitswFSnDGWErCwWwIZau1d+NEeK8g==}
    engines: {node: '>=18.0.0'}
    peerDependencies:
      '@firebase/app': 0.10.3-dataconnect-preview.388b61c7e
      '@firebase/app-types': 0.9.2-dataconnect-preview.388b61c7e

  '@firebase/webchannel-wrapper@1.0.0-dataconnect-preview.388b61c7e':
    resolution: {integrity: sha512-Bfz5tSuiwYE9Y/tPt7haiZEnexNXZX8zQINi0ZlnecepwZcLy03dyF/SKlhAv0mAXzGZBXfn3eqBccgcssCS5Q==}

  '@grpc/grpc-js@1.9.15':
    resolution: {integrity: sha512-nqE7Hc0AzI+euzUwDAy0aY5hCp10r734gMGRdU+qOPX0XSceI2ULrcXB5U2xSc5VkWwalCj4M7GzCAygZl2KoQ==}
    engines: {node: ^8.13.0 || >=10.10.0}

  '@grpc/proto-loader@0.7.13':
    resolution: {integrity: sha512-AiXO/bfe9bmxBjxxtYxFAXGZvMaN5s8kO+jBHAJCON8rJoB5YS/D6X7ZNc6XQkuHNmyl4CYaMI1fJ/Gn27RGGw==}
    engines: {node: '>=6'}
    hasBin: true

  '@protobufjs/aspromise@1.1.2':
    resolution: {integrity: sha512-j+gKExEuLmKwvz3OgROXtrJ2UG2x8Ch2YZUxahh+s1F2HZ+wAceUNLkvy6zKCPVRkU++ZWQrdxsUeQXmcg4uoQ==}

  '@protobufjs/base64@1.1.2':
    resolution: {integrity: sha512-AZkcAA5vnN/v4PDqKyMR5lx7hZttPDgClv83E//FMNhR2TMcLUhfRUBHCmSl0oi9zMgDDqRUJkSxO3wm85+XLg==}

  '@protobufjs/codegen@2.0.4':
    resolution: {integrity: sha512-YyFaikqM5sH0ziFZCN3xDC7zeGaB/d0IUb9CATugHWbd1FRFwWwt4ld4OYMPWu5a3Xe01mGAULCdqhMlPl29Jg==}

  '@protobufjs/eventemitter@1.1.0':
    resolution: {integrity: sha512-j9ednRT81vYJ9OfVuXG6ERSTdEL1xVsNgqpkxMsbIabzSo3goCjDIveeGv5d03om39ML71RdmrGNjG5SReBP/Q==}

  '@protobufjs/fetch@1.1.0':
    resolution: {integrity: sha512-lljVXpqXebpsijW71PZaCYeIcE5on1w5DlQy5WH6GLbFryLUrBD4932W/E2BSpfRJWseIL4v/KPgBFxDOIdKpQ==}

  '@protobufjs/float@1.0.2':
    resolution: {integrity: sha512-Ddb+kVXlXst9d+R9PfTIxh1EdNkgoRe5tOX6t01f1lYWOvJnSPDBlG241QLzcyPdoNTsblLUdujGSE4RzrTZGQ==}

  '@protobufjs/inquire@1.1.0':
    resolution: {integrity: sha512-kdSefcPdruJiFMVSbn801t4vFK7KB/5gd2fYvrxhuJYg8ILrmn9SKSX2tZdV6V+ksulWqS7aXjBcRXl3wHoD9Q==}

  '@protobufjs/path@1.1.2':
    resolution: {integrity: sha512-6JOcJ5Tm08dOHAbdR3GrvP+yUUfkjG5ePsHYczMFLq3ZmMkAD98cDgcT2iA1lJ9NVwFd4tH/iSSoe44YWkltEA==}

  '@protobufjs/pool@1.1.0':
    resolution: {integrity: sha512-0kELaGSIDBKvcgS4zkjz1PeddatrjYcmMWOlAuAPwAeccUrPHdUqo/J6LiymHHEiJT5NrF1UVwxY14f+fy4WQw==}

  '@protobufjs/utf8@1.1.0':
    resolution: {integrity: sha512-Vvn3zZrhQZkkBE8LSuW3em98c0FwgO4nxzv6OdSxPKJIEKY2bGbHn+mhGIPerzI4twdxaP8/0+06HBpwf345Lw==}

  '@types/node@20.14.9':
    resolution: {integrity: sha512-06OCtnTXtWOZBJlRApleWndH4JsRVs1pDCc8dLSQp+7PpUpX3ePdHyeNSFTeSe7FtKyQkrlPvHwJOW3SLd8Oyg==}

  ansi-regex@5.0.1:
    resolution: {integrity: sha512-quJQXlTSUGL2LH9SUXo8VwsY4soanhgo6LNSm84E1LBcE8s3O0wpdiRzyR9z/ZZJMlMWv37qOOb9pdJlMUEKFQ==}
    engines: {node: '>=8'}

  ansi-styles@4.3.0:
    resolution: {integrity: sha512-zbB9rCJAT1rbjiVDb2hqKFHNYLxgtk8NURxZ3IZwD3F6NtxbXZQCnnSi1Lkx+IDohdPlFp222wVALIheZJQSEg==}
    engines: {node: '>=8'}

  cliui@8.0.1:
    resolution: {integrity: sha512-BSeNnyus75C4//NQ9gQt1/csTXyo/8Sb+afLAkzAptFuMsod9HFokGNudZpi/oQV73hnVK+sR+5PVRMd+Dr7YQ==}
    engines: {node: '>=12'}

  color-convert@2.0.1:
    resolution: {integrity: sha512-RRECPsj7iu/xb5oKYcsFHSppFNnsj/52OVTRKb4zP5onXwVF3zVmmToNcOfGC+CRDpfK/U584fMg38ZHCaElKQ==}
    engines: {node: '>=7.0.0'}

  color-name@1.1.4:
    resolution: {integrity: sha512-dOy+3AuW3a2wNbZHIuMZpTcgjGuLU/uBL/ubcZF9OXbDo8ff4O8yVp5Bf0efS8uEoYo5q4Fx7dY9OgQGXgAsQA==}

  emoji-regex@8.0.0:
    resolution: {integrity: sha512-MSjYzcWNOA0ewAHpz0MxpYFvwg6yjy1NG3xteoqz644VCo/RPgnr1/GGt+ic3iJTzQ8Eu3TdM14SawnVUmGE6A==}

  escalade@3.1.2:
    resolution: {integrity: sha512-ErCHMCae19vR8vQGe50xIsVomy19rg6gFu3+r3jkEO46suLMWBksvVyoGgQV+jOfl84ZSOSlmv6Gxa89PmTGmA==}
    engines: {node: '>=6'}

  faye-websocket@0.11.4:
    resolution: {integrity: sha512-CzbClwlXAuiRQAlUyfqPgvPoNKTckTPGfwZV4ZdAhVcP2lh9KUxJg2b5GkE7XbjKQ3YJnQ9z6D9ntLAlB+tP8g==}
    engines: {node: '>=0.8.0'}

  firebase@10.12.0-dataconnect-preview.388b61c7e:
    resolution: {integrity: sha512-QoqKj8DnHlIHLqSdEu+hwR69n/HWYLIRcOtCNrv1h2BXcl0V91CNtFYqX5LHk4zJ6eZ+hSOfDnxKya6gAEGZ6w==}

  get-caller-file@2.0.5:
    resolution: {integrity: sha512-DyFP3BM/3YHTQOCUL/w0OZHR0lpKeGrxotcHWcqNEdnltqFwXVfhEBQ94eIo34AfQpo0rGki4cyIiftY06h2Fg==}
    engines: {node: 6.* || 8.* || >= 10.*}

  http-parser-js@0.5.8:
    resolution: {integrity: sha512-SGeBX54F94Wgu5RH3X5jsDtf4eHyRogWX1XGT3b4HuW3tQPM4AaBzoUji/4AAJNXCEOWZ5O0DgZmJw1947gD5Q==}

  idb@7.1.1:
    resolution: {integrity: sha512-gchesWBzyvGHRO9W8tzUWFDycow5gwjvFKfyV9FF32Y7F50yZMp7mP+T2mJIWFx49zicqyC4uefHM17o6xKIVQ==}

  is-fullwidth-code-point@3.0.0:
    resolution: {integrity: sha512-zymm5+u+sCsSWyD9qNaejV3DFvhCKclKdizYaJUuHA83RLjb7nSuGnddCHGv0hk+KY7BMAlsWeK4Ueg6EV6XQg==}
    engines: {node: '>=8'}

  lodash.camelcase@4.3.0:
    resolution: {integrity: sha512-TwuEnCnxbc3rAvhf/LbG7tJUDzhqXyFnv3dtzLOPgCG/hODL7WFnsbwktkD7yUV0RrreP/l1PALq/YSg6VvjlA==}

  long@5.2.3:
    resolution: {integrity: sha512-lcHwpNoggQTObv5apGNCTdJrO69eHOZMi4BNC+rTLER8iHAqGrUVeLh/irVIM7zTw2bOXA8T6uNPeujwOLg/2Q==}

  protobufjs@7.3.2:
    resolution: {integrity: sha512-RXyHaACeqXeqAKGLDl68rQKbmObRsTIn4TYVUUug1KfS47YWCo5MacGITEryugIgZqORCvJWEk4l449POg5Txg==}
    engines: {node: '>=12.0.0'}

  require-directory@2.1.1:
    resolution: {integrity: sha512-fGxEI7+wsG9xrvdjsrlmL22OMTTiHRwAMroiEeMgq8gzoLC/PQr7RsRDSTLUg/bZAZtF+TVIkHc6/4RIKrui+Q==}
    engines: {node: '>=0.10.0'}

  safe-buffer@5.2.1:
    resolution: {integrity: sha512-rp3So07KcdmmKbGvgaNxQSJr7bGVSVk5S9Eq1F+ppbRo70+YeaDxkw5Dd8NPN+GD6bjnYm2VuPuCXmpuYvmCXQ==}

  string-width@4.2.3:
    resolution: {integrity: sha512-wKyQRQpjJ0sIp62ErSZdGsjMJWsap5oRNihHhu6G7JVO/9jIB6UyevL+tXuOqrng8j/cxKTWyWUwvSTriiZz/g==}
    engines: {node: '>=8'}

  strip-ansi@6.0.1:
    resolution: {integrity: sha512-Y38VPSHcqkFrCpFnQ9vuSXmquuv5oXOKpGeT6aGrr3o3Gc9AlVa6JBfUSOCnbxGGZF+/0ooI7KrPuUSztUdU5A==}
    engines: {node: '>=8'}

  tslib@2.6.3:
    resolution: {integrity: sha512-xNvxJEOUiWPGhUuUdQgAJPKOOJfGnIyKySOc09XkKsgdUV/3E2zvwZYdejjmRgPCgcym1juLH3226yA7sEFJKQ==}

  undici-types@5.26.5:
    resolution: {integrity: sha512-JlCMO+ehdEIKqlFxk6IfVoAUVmgz7cU7zD/h9XZ0qzeosSHmUJVOzSQvvYSYWXkFXC+IfLKSIffhv0sVZup6pA==}

  undici@5.28.4:
    resolution: {integrity: sha512-72RFADWFqKmUb2hmmvNODKL3p9hcB6Gt2DOQMis1SEBaV6a4MH8soBvzg+95CYhCKPFedut2JY9bMfrDl9D23g==}
    engines: {node: '>=14.0'}

  websocket-driver@0.7.4:
    resolution: {integrity: sha512-b17KeDIQVjvb0ssuSDF2cYXSg2iztliJ4B9WdsuB6J952qCPKmnVq4DyW5motImXHDC1cBT/1UezrJVsKw5zjg==}
    engines: {node: '>=0.8.0'}

  websocket-extensions@0.1.4:
    resolution: {integrity: sha512-OqedPIGOfsDlo31UNwYbCFMSaO9m9G/0faIHj5/dZFDMFqPTcx6UwqyOy3COEaEOg/9VsGIpdqn62W5KhoKSpg==}
    engines: {node: '>=0.8.0'}

  wrap-ansi@7.0.0:
    resolution: {integrity: sha512-YVGIj2kamLSTxw6NsZjoBxfSwsn0ycdesmc4p+Q21c5zPuZ1pl+NfxVdxPtdHvmNVOQ6XSYG4AUtyt/Fi7D16Q==}
    engines: {node: '>=10'}

  y18n@5.0.8:
    resolution: {integrity: sha512-0pfFzegeDWJHJIAmTLRP2DwHjdF5s7jo9tuztdQxAhINCdvS+3nGINqPd00AphqJR/0LhANUS6/+7SCb98YOfA==}
    engines: {node: '>=10'}

  yargs-parser@21.1.1:
    resolution: {integrity: sha512-tVpsJW7DdjecAiFpbIB1e3qxIQsE6NoPc5/eTdrbbIC4h0LVsWhnoa3g+m2HclBIujHzsxZ4VJVA+GUuc2/LBw==}
    engines: {node: '>=12'}

  yargs@17.7.2:
    resolution: {integrity: sha512-7dSzzRQ++CKnNI/krKnYRV7JKKPUXMEh61soaHKg9mrWEhzFWhFnxPxGl+69cD1Ou63C13NUPCnmIcrvqCuM6w==}
    engines: {node: '>=12'}

snapshots:

  '@fastify/busboy@2.1.1': {}

  '@firebase/analytics-compat@0.2.9-dataconnect-preview.388b61c7e(@firebase/app-compat@0.2.33-dataconnect-preview.388b61c7e)(@firebase/app@0.10.3-dataconnect-preview.388b61c7e)':
    dependencies:
      '@firebase/analytics': 0.10.3-dataconnect-preview.388b61c7e(@firebase/app@0.10.3-dataconnect-preview.388b61c7e)
      '@firebase/analytics-types': 0.8.2-dataconnect-preview.388b61c7e
      '@firebase/app-compat': 0.2.33-dataconnect-preview.388b61c7e
      '@firebase/component': 0.6.7-dataconnect-preview.388b61c7e
      '@firebase/util': 1.9.6-dataconnect-preview.388b61c7e
      tslib: 2.6.3
    transitivePeerDependencies:
      - '@firebase/app'

  '@firebase/analytics-types@0.8.2-dataconnect-preview.388b61c7e': {}

  '@firebase/analytics@0.10.3-dataconnect-preview.388b61c7e(@firebase/app@0.10.3-dataconnect-preview.388b61c7e)':
    dependencies:
      '@firebase/app': 0.10.3-dataconnect-preview.388b61c7e
      '@firebase/component': 0.6.7-dataconnect-preview.388b61c7e
      '@firebase/installations': 0.6.7-dataconnect-preview.388b61c7e(@firebase/app@0.10.3-dataconnect-preview.388b61c7e)
      '@firebase/logger': 0.4.2-dataconnect-preview.388b61c7e
      '@firebase/util': 1.9.6-dataconnect-preview.388b61c7e
      tslib: 2.6.3

  '@firebase/app-check-compat@0.3.11-dataconnect-preview.388b61c7e(@firebase/app-compat@0.2.33-dataconnect-preview.388b61c7e)(@firebase/app@0.10.3-dataconnect-preview.388b61c7e)':
    dependencies:
      '@firebase/app-check': 0.8.4-dataconnect-preview.388b61c7e(@firebase/app@0.10.3-dataconnect-preview.388b61c7e)
      '@firebase/app-check-types': 0.5.2-dataconnect-preview.388b61c7e
      '@firebase/app-compat': 0.2.33-dataconnect-preview.388b61c7e
      '@firebase/component': 0.6.7-dataconnect-preview.388b61c7e
      '@firebase/logger': 0.4.2-dataconnect-preview.388b61c7e
      '@firebase/util': 1.9.6-dataconnect-preview.388b61c7e
      tslib: 2.6.3
    transitivePeerDependencies:
      - '@firebase/app'

  '@firebase/app-check-interop-types@0.3.2-dataconnect-preview.388b61c7e': {}

  '@firebase/app-check-types@0.5.2-dataconnect-preview.388b61c7e': {}

  '@firebase/app-check@0.8.4-dataconnect-preview.388b61c7e(@firebase/app@0.10.3-dataconnect-preview.388b61c7e)':
    dependencies:
      '@firebase/app': 0.10.3-dataconnect-preview.388b61c7e
      '@firebase/component': 0.6.7-dataconnect-preview.388b61c7e
      '@firebase/logger': 0.4.2-dataconnect-preview.388b61c7e
      '@firebase/util': 1.9.6-dataconnect-preview.388b61c7e
      tslib: 2.6.3

  '@firebase/app-compat@0.2.33-dataconnect-preview.388b61c7e':
    dependencies:
      '@firebase/app': 0.10.3-dataconnect-preview.388b61c7e
      '@firebase/component': 0.6.7-dataconnect-preview.388b61c7e
      '@firebase/logger': 0.4.2-dataconnect-preview.388b61c7e
      '@firebase/util': 1.9.6-dataconnect-preview.388b61c7e
      tslib: 2.6.3

  '@firebase/app-types@0.9.2-dataconnect-preview.388b61c7e': {}

  '@firebase/app@0.10.3-dataconnect-preview.388b61c7e':
    dependencies:
      '@firebase/component': 0.6.7-dataconnect-preview.388b61c7e
      '@firebase/logger': 0.4.2-dataconnect-preview.388b61c7e
      '@firebase/util': 1.9.6-dataconnect-preview.388b61c7e
      idb: 7.1.1
      tslib: 2.6.3

  '@firebase/auth-compat@0.5.8-dataconnect-preview.388b61c7e(@firebase/app-compat@0.2.33-dataconnect-preview.388b61c7e)(@firebase/app-types@0.9.2-dataconnect-preview.388b61c7e)(@firebase/app@0.10.3-dataconnect-preview.388b61c7e)':
    dependencies:
      '@firebase/app-compat': 0.2.33-dataconnect-preview.388b61c7e
      '@firebase/auth': 1.7.3-dataconnect-preview.388b61c7e(@firebase/app@0.10.3-dataconnect-preview.388b61c7e)
      '@firebase/auth-types': 0.12.2-dataconnect-preview.388b61c7e(@firebase/app-types@0.9.2-dataconnect-preview.388b61c7e)(@firebase/util@1.9.6-dataconnect-preview.388b61c7e)
      '@firebase/component': 0.6.7-dataconnect-preview.388b61c7e
      '@firebase/util': 1.9.6-dataconnect-preview.388b61c7e
      tslib: 2.6.3
      undici: 5.28.4
    transitivePeerDependencies:
      - '@firebase/app'
      - '@firebase/app-types'
      - '@react-native-async-storage/async-storage'

  '@firebase/auth-interop-types@0.2.3-dataconnect-preview.388b61c7e': {}

  '@firebase/auth-types@0.12.2-dataconnect-preview.388b61c7e(@firebase/app-types@0.9.2-dataconnect-preview.388b61c7e)(@firebase/util@1.9.6-dataconnect-preview.388b61c7e)':
    dependencies:
      '@firebase/app-types': 0.9.2-dataconnect-preview.388b61c7e
      '@firebase/util': 1.9.6-dataconnect-preview.388b61c7e

  '@firebase/auth@1.7.3-dataconnect-preview.388b61c7e(@firebase/app@0.10.3-dataconnect-preview.388b61c7e)':
    dependencies:
      '@firebase/app': 0.10.3-dataconnect-preview.388b61c7e
      '@firebase/component': 0.6.7-dataconnect-preview.388b61c7e
      '@firebase/logger': 0.4.2-dataconnect-preview.388b61c7e
      '@firebase/util': 1.9.6-dataconnect-preview.388b61c7e
      tslib: 2.6.3
      undici: 5.28.4

  '@firebase/component@0.6.7-dataconnect-preview.388b61c7e':
    dependencies:
      '@firebase/util': 1.9.6-dataconnect-preview.388b61c7e
      tslib: 2.6.3

  '@firebase/data-connect@0.0.2-dataconnect-preview.388b61c7e':
    dependencies:
      '@firebase/auth-interop-types': 0.2.3-dataconnect-preview.388b61c7e
      '@firebase/component': 0.6.7-dataconnect-preview.388b61c7e
      '@firebase/logger': 0.4.2-dataconnect-preview.388b61c7e
      '@firebase/util': 1.9.6-dataconnect-preview.388b61c7e
      tslib: 2.6.3

  '@firebase/database-compat@1.0.5-dataconnect-preview.388b61c7e':
    dependencies:
      '@firebase/component': 0.6.7-dataconnect-preview.388b61c7e
      '@firebase/database': 1.0.5-dataconnect-preview.388b61c7e
      '@firebase/database-types': 1.0.3-dataconnect-preview.388b61c7e
      '@firebase/logger': 0.4.2-dataconnect-preview.388b61c7e
      '@firebase/util': 1.9.6-dataconnect-preview.388b61c7e
      tslib: 2.6.3

  '@firebase/database-types@1.0.3-dataconnect-preview.388b61c7e':
    dependencies:
      '@firebase/app-types': 0.9.2-dataconnect-preview.388b61c7e
      '@firebase/util': 1.9.6-dataconnect-preview.388b61c7e

  '@firebase/database@1.0.5-dataconnect-preview.388b61c7e':
    dependencies:
      '@firebase/app-check-interop-types': 0.3.2-dataconnect-preview.388b61c7e
      '@firebase/auth-interop-types': 0.2.3-dataconnect-preview.388b61c7e
      '@firebase/component': 0.6.7-dataconnect-preview.388b61c7e
      '@firebase/logger': 0.4.2-dataconnect-preview.388b61c7e
      '@firebase/util': 1.9.6-dataconnect-preview.388b61c7e
      faye-websocket: 0.11.4
      tslib: 2.6.3

  '@firebase/firestore-compat@0.3.31-dataconnect-preview.388b61c7e(@firebase/app-compat@0.2.33-dataconnect-preview.388b61c7e)(@firebase/app-types@0.9.2-dataconnect-preview.388b61c7e)(@firebase/app@0.10.3-dataconnect-preview.388b61c7e)':
    dependencies:
      '@firebase/app-compat': 0.2.33-dataconnect-preview.388b61c7e
      '@firebase/component': 0.6.7-dataconnect-preview.388b61c7e
      '@firebase/firestore': 4.6.2-dataconnect-preview.388b61c7e(@firebase/app@0.10.3-dataconnect-preview.388b61c7e)
      '@firebase/firestore-types': 3.0.2-dataconnect-preview.388b61c7e(@firebase/app-types@0.9.2-dataconnect-preview.388b61c7e)(@firebase/util@1.9.6-dataconnect-preview.388b61c7e)
      '@firebase/util': 1.9.6-dataconnect-preview.388b61c7e
      tslib: 2.6.3
    transitivePeerDependencies:
      - '@firebase/app'
      - '@firebase/app-types'

  '@firebase/firestore-types@3.0.2-dataconnect-preview.388b61c7e(@firebase/app-types@0.9.2-dataconnect-preview.388b61c7e)(@firebase/util@1.9.6-dataconnect-preview.388b61c7e)':
    dependencies:
      '@firebase/app-types': 0.9.2-dataconnect-preview.388b61c7e
      '@firebase/util': 1.9.6-dataconnect-preview.388b61c7e

  '@firebase/firestore@4.6.2-dataconnect-preview.388b61c7e(@firebase/app@0.10.3-dataconnect-preview.388b61c7e)':
    dependencies:
      '@firebase/app': 0.10.3-dataconnect-preview.388b61c7e
      '@firebase/component': 0.6.7-dataconnect-preview.388b61c7e
      '@firebase/logger': 0.4.2-dataconnect-preview.388b61c7e
      '@firebase/util': 1.9.6-dataconnect-preview.388b61c7e
      '@firebase/webchannel-wrapper': 1.0.0-dataconnect-preview.388b61c7e
      '@grpc/grpc-js': 1.9.15
      '@grpc/proto-loader': 0.7.13
      tslib: 2.6.3
      undici: 5.28.4

  '@firebase/functions-compat@0.3.11-dataconnect-preview.388b61c7e(@firebase/app-compat@0.2.33-dataconnect-preview.388b61c7e)(@firebase/app@0.10.3-dataconnect-preview.388b61c7e)':
    dependencies:
      '@firebase/app-compat': 0.2.33-dataconnect-preview.388b61c7e
      '@firebase/component': 0.6.7-dataconnect-preview.388b61c7e
      '@firebase/functions': 0.11.5-dataconnect-preview.388b61c7e(@firebase/app@0.10.3-dataconnect-preview.388b61c7e)
      '@firebase/functions-types': 0.6.2-dataconnect-preview.388b61c7e
      '@firebase/util': 1.9.6-dataconnect-preview.388b61c7e
      tslib: 2.6.3
    transitivePeerDependencies:
      - '@firebase/app'

  '@firebase/functions-types@0.6.2-dataconnect-preview.388b61c7e': {}

  '@firebase/functions@0.11.5-dataconnect-preview.388b61c7e(@firebase/app@0.10.3-dataconnect-preview.388b61c7e)':
    dependencies:
      '@firebase/app': 0.10.3-dataconnect-preview.388b61c7e
      '@firebase/app-check-interop-types': 0.3.2-dataconnect-preview.388b61c7e
      '@firebase/auth-interop-types': 0.2.3-dataconnect-preview.388b61c7e
      '@firebase/component': 0.6.7-dataconnect-preview.388b61c7e
      '@firebase/messaging-interop-types': 0.2.2-dataconnect-preview.388b61c7e
      '@firebase/util': 1.9.6-dataconnect-preview.388b61c7e
      tslib: 2.6.3
      undici: 5.28.4

  '@firebase/installations-compat@0.2.7-dataconnect-preview.388b61c7e(@firebase/app-compat@0.2.33-dataconnect-preview.388b61c7e)(@firebase/app-types@0.9.2-dataconnect-preview.388b61c7e)(@firebase/app@0.10.3-dataconnect-preview.388b61c7e)':
    dependencies:
      '@firebase/app-compat': 0.2.33-dataconnect-preview.388b61c7e
      '@firebase/component': 0.6.7-dataconnect-preview.388b61c7e
      '@firebase/installations': 0.6.7-dataconnect-preview.388b61c7e(@firebase/app@0.10.3-dataconnect-preview.388b61c7e)
      '@firebase/installations-types': 0.5.2-dataconnect-preview.388b61c7e(@firebase/app-types@0.9.2-dataconnect-preview.388b61c7e)
      '@firebase/util': 1.9.6-dataconnect-preview.388b61c7e
      tslib: 2.6.3
    transitivePeerDependencies:
      - '@firebase/app'
      - '@firebase/app-types'

  '@firebase/installations-types@0.5.2-dataconnect-preview.388b61c7e(@firebase/app-types@0.9.2-dataconnect-preview.388b61c7e)':
    dependencies:
      '@firebase/app-types': 0.9.2-dataconnect-preview.388b61c7e

  '@firebase/installations@0.6.7-dataconnect-preview.388b61c7e(@firebase/app@0.10.3-dataconnect-preview.388b61c7e)':
    dependencies:
      '@firebase/app': 0.10.3-dataconnect-preview.388b61c7e
      '@firebase/component': 0.6.7-dataconnect-preview.388b61c7e
      '@firebase/util': 1.9.6-dataconnect-preview.388b61c7e
      idb: 7.1.1
      tslib: 2.6.3

  '@firebase/logger@0.4.2-dataconnect-preview.388b61c7e':
    dependencies:
      tslib: 2.6.3

  '@firebase/messaging-compat@0.2.9-dataconnect-preview.388b61c7e(@firebase/app-compat@0.2.33-dataconnect-preview.388b61c7e)(@firebase/app@0.10.3-dataconnect-preview.388b61c7e)':
    dependencies:
      '@firebase/app-compat': 0.2.33-dataconnect-preview.388b61c7e
      '@firebase/component': 0.6.7-dataconnect-preview.388b61c7e
      '@firebase/messaging': 0.12.9-dataconnect-preview.388b61c7e(@firebase/app@0.10.3-dataconnect-preview.388b61c7e)
      '@firebase/util': 1.9.6-dataconnect-preview.388b61c7e
      tslib: 2.6.3
    transitivePeerDependencies:
      - '@firebase/app'

  '@firebase/messaging-interop-types@0.2.2-dataconnect-preview.388b61c7e': {}

  '@firebase/messaging@0.12.9-dataconnect-preview.388b61c7e(@firebase/app@0.10.3-dataconnect-preview.388b61c7e)':
    dependencies:
      '@firebase/app': 0.10.3-dataconnect-preview.388b61c7e
      '@firebase/component': 0.6.7-dataconnect-preview.388b61c7e
      '@firebase/installations': 0.6.7-dataconnect-preview.388b61c7e(@firebase/app@0.10.3-dataconnect-preview.388b61c7e)
      '@firebase/messaging-interop-types': 0.2.2-dataconnect-preview.388b61c7e
      '@firebase/util': 1.9.6-dataconnect-preview.388b61c7e
      idb: 7.1.1
      tslib: 2.6.3

  '@firebase/performance-compat@0.2.7-dataconnect-preview.388b61c7e(@firebase/app-compat@0.2.33-dataconnect-preview.388b61c7e)(@firebase/app@0.10.3-dataconnect-preview.388b61c7e)':
    dependencies:
      '@firebase/app-compat': 0.2.33-dataconnect-preview.388b61c7e
      '@firebase/component': 0.6.7-dataconnect-preview.388b61c7e
      '@firebase/logger': 0.4.2-dataconnect-preview.388b61c7e
      '@firebase/performance': 0.6.7-dataconnect-preview.388b61c7e(@firebase/app@0.10.3-dataconnect-preview.388b61c7e)
      '@firebase/performance-types': 0.2.2-dataconnect-preview.388b61c7e
      '@firebase/util': 1.9.6-dataconnect-preview.388b61c7e
      tslib: 2.6.3
    transitivePeerDependencies:
      - '@firebase/app'

  '@firebase/performance-types@0.2.2-dataconnect-preview.388b61c7e': {}

  '@firebase/performance@0.6.7-dataconnect-preview.388b61c7e(@firebase/app@0.10.3-dataconnect-preview.388b61c7e)':
    dependencies:
      '@firebase/app': 0.10.3-dataconnect-preview.388b61c7e
      '@firebase/component': 0.6.7-dataconnect-preview.388b61c7e
      '@firebase/installations': 0.6.7-dataconnect-preview.388b61c7e(@firebase/app@0.10.3-dataconnect-preview.388b61c7e)
      '@firebase/logger': 0.4.2-dataconnect-preview.388b61c7e
      '@firebase/util': 1.9.6-dataconnect-preview.388b61c7e
      tslib: 2.6.3

  '@firebase/remote-config-compat@0.2.7-dataconnect-preview.388b61c7e(@firebase/app-compat@0.2.33-dataconnect-preview.388b61c7e)(@firebase/app@0.10.3-dataconnect-preview.388b61c7e)':
    dependencies:
      '@firebase/app-compat': 0.2.33-dataconnect-preview.388b61c7e
      '@firebase/component': 0.6.7-dataconnect-preview.388b61c7e
      '@firebase/logger': 0.4.2-dataconnect-preview.388b61c7e
      '@firebase/remote-config': 0.4.7-dataconnect-preview.388b61c7e(@firebase/app@0.10.3-dataconnect-preview.388b61c7e)
      '@firebase/remote-config-types': 0.3.2-dataconnect-preview.388b61c7e
      '@firebase/util': 1.9.6-dataconnect-preview.388b61c7e
      tslib: 2.6.3
    transitivePeerDependencies:
      - '@firebase/app'

  '@firebase/remote-config-types@0.3.2-dataconnect-preview.388b61c7e': {}

  '@firebase/remote-config@0.4.7-dataconnect-preview.388b61c7e(@firebase/app@0.10.3-dataconnect-preview.388b61c7e)':
    dependencies:
      '@firebase/app': 0.10.3-dataconnect-preview.388b61c7e
      '@firebase/component': 0.6.7-dataconnect-preview.388b61c7e
      '@firebase/installations': 0.6.7-dataconnect-preview.388b61c7e(@firebase/app@0.10.3-dataconnect-preview.388b61c7e)
      '@firebase/logger': 0.4.2-dataconnect-preview.388b61c7e
      '@firebase/util': 1.9.6-dataconnect-preview.388b61c7e
      tslib: 2.6.3

  '@firebase/storage-compat@0.3.8-dataconnect-preview.388b61c7e(@firebase/app-compat@0.2.33-dataconnect-preview.388b61c7e)(@firebase/app-types@0.9.2-dataconnect-preview.388b61c7e)(@firebase/app@0.10.3-dataconnect-preview.388b61c7e)':
    dependencies:
      '@firebase/app-compat': 0.2.33-dataconnect-preview.388b61c7e
      '@firebase/component': 0.6.7-dataconnect-preview.388b61c7e
      '@firebase/storage': 0.12.5-dataconnect-preview.388b61c7e(@firebase/app@0.10.3-dataconnect-preview.388b61c7e)
      '@firebase/storage-types': 0.8.2-dataconnect-preview.388b61c7e(@firebase/app-types@0.9.2-dataconnect-preview.388b61c7e)(@firebase/util@1.9.6-dataconnect-preview.388b61c7e)
      '@firebase/util': 1.9.6-dataconnect-preview.388b61c7e
      tslib: 2.6.3
    transitivePeerDependencies:
      - '@firebase/app'
      - '@firebase/app-types'

  '@firebase/storage-types@0.8.2-dataconnect-preview.388b61c7e(@firebase/app-types@0.9.2-dataconnect-preview.388b61c7e)(@firebase/util@1.9.6-dataconnect-preview.388b61c7e)':
    dependencies:
      '@firebase/app-types': 0.9.2-dataconnect-preview.388b61c7e
      '@firebase/util': 1.9.6-dataconnect-preview.388b61c7e

  '@firebase/storage@0.12.5-dataconnect-preview.388b61c7e(@firebase/app@0.10.3-dataconnect-preview.388b61c7e)':
    dependencies:
      '@firebase/app': 0.10.3-dataconnect-preview.388b61c7e
      '@firebase/component': 0.6.7-dataconnect-preview.388b61c7e
      '@firebase/util': 1.9.6-dataconnect-preview.388b61c7e
      tslib: 2.6.3
      undici: 5.28.4

  '@firebase/util@1.9.6-dataconnect-preview.388b61c7e':
    dependencies:
      tslib: 2.6.3

  '@firebase/vertexai-preview@0.0.1-dataconnect-preview.388b61c7e(@firebase/app-types@0.9.2-dataconnect-preview.388b61c7e)(@firebase/app@0.10.3-dataconnect-preview.388b61c7e)':
    dependencies:
      '@firebase/app': 0.10.3-dataconnect-preview.388b61c7e
      '@firebase/app-check-interop-types': 0.3.2-dataconnect-preview.388b61c7e
      '@firebase/app-types': 0.9.2-dataconnect-preview.388b61c7e
      '@firebase/component': 0.6.7-dataconnect-preview.388b61c7e
      '@firebase/logger': 0.4.2-dataconnect-preview.388b61c7e
      '@firebase/util': 1.9.6-dataconnect-preview.388b61c7e
      tslib: 2.6.3

  '@firebase/webchannel-wrapper@1.0.0-dataconnect-preview.388b61c7e': {}

  '@grpc/grpc-js@1.9.15':
    dependencies:
      '@grpc/proto-loader': 0.7.13
      '@types/node': 20.14.9

  '@grpc/proto-loader@0.7.13':
    dependencies:
      lodash.camelcase: 4.3.0
      long: 5.2.3
      protobufjs: 7.3.2
      yargs: 17.7.2

  '@protobufjs/aspromise@1.1.2': {}

  '@protobufjs/base64@1.1.2': {}

  '@protobufjs/codegen@2.0.4': {}

  '@protobufjs/eventemitter@1.1.0': {}

  '@protobufjs/fetch@1.1.0':
    dependencies:
      '@protobufjs/aspromise': 1.1.2
      '@protobufjs/inquire': 1.1.0

  '@protobufjs/float@1.0.2': {}

  '@protobufjs/inquire@1.1.0': {}

  '@protobufjs/path@1.1.2': {}

  '@protobufjs/pool@1.1.0': {}

  '@protobufjs/utf8@1.1.0': {}

  '@types/node@20.14.9':
    dependencies:
      undici-types: 5.26.5

  ansi-regex@5.0.1: {}

  ansi-styles@4.3.0:
    dependencies:
      color-convert: 2.0.1

  cliui@8.0.1:
    dependencies:
      string-width: 4.2.3
      strip-ansi: 6.0.1
      wrap-ansi: 7.0.0

  color-convert@2.0.1:
    dependencies:
      color-name: 1.1.4

  color-name@1.1.4: {}

  emoji-regex@8.0.0: {}

  escalade@3.1.2: {}

  faye-websocket@0.11.4:
    dependencies:
      websocket-driver: 0.7.4

  firebase@10.12.0-dataconnect-preview.388b61c7e:
    dependencies:
      '@firebase/analytics': 0.10.3-dataconnect-preview.388b61c7e(@firebase/app@0.10.3-dataconnect-preview.388b61c7e)
      '@firebase/analytics-compat': 0.2.9-dataconnect-preview.388b61c7e(@firebase/app-compat@0.2.33-dataconnect-preview.388b61c7e)(@firebase/app@0.10.3-dataconnect-preview.388b61c7e)
      '@firebase/app': 0.10.3-dataconnect-preview.388b61c7e
      '@firebase/app-check': 0.8.4-dataconnect-preview.388b61c7e(@firebase/app@0.10.3-dataconnect-preview.388b61c7e)
      '@firebase/app-check-compat': 0.3.11-dataconnect-preview.388b61c7e(@firebase/app-compat@0.2.33-dataconnect-preview.388b61c7e)(@firebase/app@0.10.3-dataconnect-preview.388b61c7e)
      '@firebase/app-compat': 0.2.33-dataconnect-preview.388b61c7e
      '@firebase/app-types': 0.9.2-dataconnect-preview.388b61c7e
      '@firebase/auth': 1.7.3-dataconnect-preview.388b61c7e(@firebase/app@0.10.3-dataconnect-preview.388b61c7e)
      '@firebase/auth-compat': 0.5.8-dataconnect-preview.388b61c7e(@firebase/app-compat@0.2.33-dataconnect-preview.388b61c7e)(@firebase/app-types@0.9.2-dataconnect-preview.388b61c7e)(@firebase/app@0.10.3-dataconnect-preview.388b61c7e)
      '@firebase/data-connect': 0.0.2-dataconnect-preview.388b61c7e
      '@firebase/database': 1.0.5-dataconnect-preview.388b61c7e
      '@firebase/database-compat': 1.0.5-dataconnect-preview.388b61c7e
      '@firebase/firestore': 4.6.2-dataconnect-preview.388b61c7e(@firebase/app@0.10.3-dataconnect-preview.388b61c7e)
      '@firebase/firestore-compat': 0.3.31-dataconnect-preview.388b61c7e(@firebase/app-compat@0.2.33-dataconnect-preview.388b61c7e)(@firebase/app-types@0.9.2-dataconnect-preview.388b61c7e)(@firebase/app@0.10.3-dataconnect-preview.388b61c7e)
      '@firebase/functions': 0.11.5-dataconnect-preview.388b61c7e(@firebase/app@0.10.3-dataconnect-preview.388b61c7e)
      '@firebase/functions-compat': 0.3.11-dataconnect-preview.388b61c7e(@firebase/app-compat@0.2.33-dataconnect-preview.388b61c7e)(@firebase/app@0.10.3-dataconnect-preview.388b61c7e)
      '@firebase/installations': 0.6.7-dataconnect-preview.388b61c7e(@firebase/app@0.10.3-dataconnect-preview.388b61c7e)
      '@firebase/installations-compat': 0.2.7-dataconnect-preview.388b61c7e(@firebase/app-compat@0.2.33-dataconnect-preview.388b61c7e)(@firebase/app-types@0.9.2-dataconnect-preview.388b61c7e)(@firebase/app@0.10.3-dataconnect-preview.388b61c7e)
      '@firebase/messaging': 0.12.9-dataconnect-preview.388b61c7e(@firebase/app@0.10.3-dataconnect-preview.388b61c7e)
      '@firebase/messaging-compat': 0.2.9-dataconnect-preview.388b61c7e(@firebase/app-compat@0.2.33-dataconnect-preview.388b61c7e)(@firebase/app@0.10.3-dataconnect-preview.388b61c7e)
      '@firebase/performance': 0.6.7-dataconnect-preview.388b61c7e(@firebase/app@0.10.3-dataconnect-preview.388b61c7e)
      '@firebase/performance-compat': 0.2.7-dataconnect-preview.388b61c7e(@firebase/app-compat@0.2.33-dataconnect-preview.388b61c7e)(@firebase/app@0.10.3-dataconnect-preview.388b61c7e)
      '@firebase/remote-config': 0.4.7-dataconnect-preview.388b61c7e(@firebase/app@0.10.3-dataconnect-preview.388b61c7e)
      '@firebase/remote-config-compat': 0.2.7-dataconnect-preview.388b61c7e(@firebase/app-compat@0.2.33-dataconnect-preview.388b61c7e)(@firebase/app@0.10.3-dataconnect-preview.388b61c7e)
      '@firebase/storage': 0.12.5-dataconnect-preview.388b61c7e(@firebase/app@0.10.3-dataconnect-preview.388b61c7e)
      '@firebase/storage-compat': 0.3.8-dataconnect-preview.388b61c7e(@firebase/app-compat@0.2.33-dataconnect-preview.388b61c7e)(@firebase/app-types@0.9.2-dataconnect-preview.388b61c7e)(@firebase/app@0.10.3-dataconnect-preview.388b61c7e)
      '@firebase/util': 1.9.6-dataconnect-preview.388b61c7e
      '@firebase/vertexai-preview': 0.0.1-dataconnect-preview.388b61c7e(@firebase/app-types@0.9.2-dataconnect-preview.388b61c7e)(@firebase/app@0.10.3-dataconnect-preview.388b61c7e)
    transitivePeerDependencies:
      - '@react-native-async-storage/async-storage'

  get-caller-file@2.0.5: {}

  http-parser-js@0.5.8: {}

  idb@7.1.1: {}

  is-fullwidth-code-point@3.0.0: {}

  lodash.camelcase@4.3.0: {}

  long@5.2.3: {}

  protobufjs@7.3.2:
    dependencies:
      '@protobufjs/aspromise': 1.1.2
      '@protobufjs/base64': 1.1.2
      '@protobufjs/codegen': 2.0.4
      '@protobufjs/eventemitter': 1.1.0
      '@protobufjs/fetch': 1.1.0
      '@protobufjs/float': 1.0.2
      '@protobufjs/inquire': 1.1.0
      '@protobufjs/path': 1.1.2
      '@protobufjs/pool': 1.1.0
      '@protobufjs/utf8': 1.1.0
      '@types/node': 20.14.9
      long: 5.2.3

  require-directory@2.1.1: {}

  safe-buffer@5.2.1: {}

  string-width@4.2.3:
    dependencies:
      emoji-regex: 8.0.0
      is-fullwidth-code-point: 3.0.0
      strip-ansi: 6.0.1

  strip-ansi@6.0.1:
    dependencies:
      ansi-regex: 5.0.1

  tslib@2.6.3: {}

  undici-types@5.26.5: {}

  undici@5.28.4:
    dependencies:
      '@fastify/busboy': 2.1.1

  websocket-driver@0.7.4:
    dependencies:
      http-parser-js: 0.5.8
      safe-buffer: 5.2.1
      websocket-extensions: 0.1.4

  websocket-extensions@0.1.4: {}

  wrap-ansi@7.0.0:
    dependencies:
      ansi-styles: 4.3.0
      string-width: 4.2.3
      strip-ansi: 6.0.1

  y18n@5.0.8: {}

  yargs-parser@21.1.1: {}

  yargs@17.7.2:
    dependencies:
      cliui: 8.0.1
      escalade: 3.1.2
      get-caller-file: 2.0.5
      require-directory: 2.1.1
      string-width: 4.2.3
      y18n: 5.0.8
      yargs-parser: 21.1.1
